// !$*UTF8*$!
{
	archiveVersion = 1;
	classes = {
	};
	objectVersion = 77;
	objects = {

/* Begin PBXContainerItemProxy section */
		15C7EA1C2EEA318B0043A2EA /* PBXContainerItemProxy */ = {
			isa = PBXContainerItemProxy;
			containerPortal = 15C7E9FD2EEA31890043A2EA /* Project object */;
			proxyType = 1;
			remoteGlobalIDString = 15C7EA042EEA31890043A2EA;
			remoteInfo = "MB-Desafio";
		};
		15C7EA262EEA318B0043A2EA /* PBXContainerItemProxy */ = {
			isa = PBXContainerItemProxy;
			containerPortal = 15C7E9FD2EEA31890043A2EA /* Project object */;
			proxyType = 1;
			remoteGlobalIDString = 15C7EA042EEA31890043A2EA;
			remoteInfo = "MB-Desafio";
		};
/* End PBXContainerItemProxy section */

/* Begin PBXFileReference section */
		15C7EA052EEA31890043A2EA /* MB-Desafio.app */ = {isa = PBXFileReference; explicitFileType = wrapper.application; includeInIndex = 0; path = "MB-Desafio.app"; sourceTree = BUILT_PRODUCTS_DIR; };
		15C7EA1B2EEA318B0043A2EA /* MB-DesafioTests.xctest */ = {isa = PBXFileReference; explicitFileType = wrapper.cfbundle; includeInIndex = 0; path = "MB-DesafioTests.xctest"; sourceTree = BUILT_PRODUCTS_DIR; };
		15C7EA252EEA318B0043A2EA /* MB-DesafioUITests.xctest */ = {isa = PBXFileReference; explicitFileType = wrapper.cfbundle; includeInIndex = 0; path = "MB-DesafioUITests.xctest"; sourceTree = BUILT_PRODUCTS_DIR; };
/* End PBXFileReference section */

/* Begin PBXFileSystemSynchronizedBuildFileExceptionSet section */
		15C7EA2D2EEA318B0043A2EA /* Exceptions for "MB-Desafio" folder in "MB-Desafio" target */ = {
			isa = PBXFileSystemSynchronizedBuildFileExceptionSet;
			membershipExceptions = (
				Resources/Info.plist,
			);
			target = 15C7EA042EEA31890043A2EA /* MB-Desafio */;
		};
/* End PBXFileSystemSynchronizedBuildFileExceptionSet section */

/* Begin PBXFileSystemSynchronizedRootGroup section */
		15C7EA072EEA31890043A2EA /* MB-Desafio */ = {
			isa = PBXFileSystemSynchronizedRootGroup;
			exceptions = (
				15C7EA2D2EEA318B0043A2EA /* Exceptions for "MB-Desafio" folder in "MB-Desafio" target */,
			);
			path = "MB-Desafio";
			sourceTree = "<group>";
		};
		15C7EA1E2EEA318B0043A2EA /* MB-DesafioTests */ = {
			isa = PBXFileSystemSynchronizedRootGroup;
			path = "MB-DesafioTests";
			sourceTree = "<group>";
		};
		15C7EA282EEA318B0043A2EA /* MB-DesafioUITests */ = {
			isa = PBXFileSystemSynchronizedRootGroup;
			path = "MB-DesafioUITests";
			sourceTree = "<group>";
		};
/* End PBXFileSystemSynchronizedRootGroup section */

/* Begin PBXFrameworksBuildPhase section */
		15C7EA022EEA31890043A2EA /* Frameworks */ = {
			isa = PBXFrameworksBuildPhase;
			buildActionMask = 2147483647;
			files = (
			);
			runOnlyForDeploymentPostprocessing = 0;
		};
		15C7EA182EEA318B0043A2EA /* Frameworks */ = {
			isa = PBXFrameworksBuildPhase;
			buildActionMask = 2147483647;
			files = (
			);
			runOnlyForDeploymentPostprocessing = 0;
		};
		15C7EA222EEA318B0043A2EA /* Frameworks */ = {
			isa = PBXFrameworksBuildPhase;
			buildActionMask = 2147483647;
			files = (
			);
			runOnlyForDeploymentPostprocessing = 0;
		};
/* End PBXFrameworksBuildPhase section */

/* Begin PBXGroup section */
		15C7E9FC2EEA31890043A2EA = {
			isa = PBXGroup;
			children = (
				15C7EA072EEA31890043A2EA /* MB-Desafio */,
				15C7EA1E2EEA318B0043A2EA /* MB-DesafioTests */,
				15C7EA282EEA318B0043A2EA /* MB-DesafioUITests */,
				15C7EA062EEA31890043A2EA /* Products */,
			);
			sourceTree = "<group>";
		};
		15C7EA062EEA31890043A2EA /* Products */ = {
			isa = PBXGroup;
			children = (
				15C7EA052EEA31890043A2EA /* MB-Desafio.app */,
				15C7EA1B2EEA318B0043A2EA /* MB-DesafioTests.xctest */,
				15C7EA252EEA318B0043A2EA /* MB-DesafioUITests.xctest */,
			);
			name = Products;
			sourceTree = "<group>";
		};
/* End PBXGroup section */

/* Begin PBXNativeTarget section */
		15C7EA042EEA31890043A2EA /* MB-Desafio */ = {
			isa = PBXNativeTarget;
			buildConfigurationList = 15C7EA2E2EEA318B0043A2EA /* Build configuration list for PBXNativeTarget "MB-Desafio" */;
			buildPhases = (
				15C7EA012EEA31890043A2EA /* Sources */,
				15C7EA022EEA31890043A2EA /* Frameworks */,
				15C7EA032EEA31890043A2EA /* Resources */,
			);
			buildRules = (
			);
			dependencies = (
			);
			fileSystemSynchronizedGroups = (
				15C7EA072EEA31890043A2EA /* MB-Desafio */,
			);
			name = "MB-Desafio";
			packageProductDependencies = (
			);
			productName = "MB-Desafio";
			productReference = 15C7EA052EEA31890043A2EA /* MB-Desafio.app */;
			productType = "com.apple.product-type.application";
		};
		15C7EA1A2EEA318B0043A2EA /* MB-DesafioTests */ = {
			isa = PBXNativeTarget;
			buildConfigurationList = 15C7EA332EEA318B0043A2EA /* Build configuration list for PBXNativeTarget "MB-DesafioTests" */;
			buildPhases = (
				15C7EA172EEA318B0043A2EA /* Sources */,
				15C7EA182EEA318B0043A2EA /* Frameworks */,
				15C7EA192EEA318B0043A2EA /* Resources */,
			);
			buildRules = (
			);
			dependencies = (
				15C7EA1D2EEA318B0043A2EA /* PBXTargetDependency */,
			);
			fileSystemSynchronizedGroups = (
				15C7EA1E2EEA318B0043A2EA /* MB-DesafioTests */,
			);
			name = "MB-DesafioTests";
			packageProductDependencies = (
			);
			productName = "MB-DesafioTests";
			productReference = 15C7EA1B2EEA318B0043A2EA /* MB-DesafioTests.xctest */;
			productType = "com.apple.product-type.bundle.unit-test";
		};
		15C7EA242EEA318B0043A2EA /* MB-DesafioUITests */ = {
			isa = PBXNativeTarget;
			buildConfigurationList = 15C7EA362EEA318B0043A2EA /* Build configuration list for PBXNativeTarget "MB-DesafioUITests" */;
			buildPhases = (
				15C7EA212EEA318B0043A2EA /* Sources */,
				15C7EA222EEA318B0043A2EA /* Frameworks */,
				15C7EA232EEA318B0043A2EA /* Resources */,
			);
			buildRules = (
			);
			dependencies = (
				15C7EA272EEA318B0043A2EA /* PBXTargetDependency */,
			);
			fileSystemSynchronizedGroups = (
				15C7EA282EEA318B0043A2EA /* MB-DesafioUITests */,
			);
			name = "MB-DesafioUITests";
			packageProductDependencies = (
			);
			productName = "MB-DesafioUITests";
			productReference = 15C7EA252EEA318B0043A2EA /* MB-DesafioUITests.xctest */;
			productType = "com.apple.product-type.bundle.ui-testing";
		};
/* End PBXNativeTarget section */

/* Begin PBXProject section */
		15C7E9FD2EEA31890043A2EA /* Project object */ = {
			isa = PBXProject;
			attributes = {
				BuildIndependentTargetsInParallel = 1;
				LastSwiftUpdateCheck = 2600;
				LastUpgradeCheck = 2600;
				TargetAttributes = {
					15C7EA042EEA31890043A2EA = {
						CreatedOnToolsVersion = 26.0.1;
					};
					15C7EA1A2EEA318B0043A2EA = {
						CreatedOnToolsVersion = 26.0.1;
						TestTargetID = 15C7EA042EEA31890043A2EA;
					};
					15C7EA242EEA318B0043A2EA = {
						CreatedOnToolsVersion = 26.0.1;
						TestTargetID = 15C7EA042EEA31890043A2EA;
					};
				};
			};
			buildConfigurationList = 15C7EA002EEA31890043A2EA /* Build configuration list for PBXProject "MB-Desafio" */;
			developmentRegion = en;
			hasScannedForEncodings = 0;
			knownRegions = (
				en,
				Base,
			);
			mainGroup = 15C7E9FC2EEA31890043A2EA;
			minimizedProjectReferenceProxies = 1;
			preferredProjectObjectVersion = 77;
			productRefGroup = 15C7EA062EEA31890043A2EA /* Products */;
			projectDirPath = "";
			projectRoot = "";
			targets = (
				15C7EA042EEA31890043A2EA /* MB-Desafio */,
				15C7EA1A2EEA318B0043A2EA /* MB-DesafioTests */,
				15C7EA242EEA318B0043A2EA /* MB-DesafioUITests */,
			);
		};
/* End PBXProject section */

/* Begin PBXResourcesBuildPhase section */
		15C7EA032EEA31890043A2EA /* Resources */ = {
			isa = PBXResourcesBuildPhase;
			buildActionMask = 2147483647;
			files = (
			);
			runOnlyForDeploymentPostprocessing = 0;
		};
		15C7EA192EEA318B0043A2EA /* Resources */ = {
			isa = PBXResourcesBuildPhase;
			buildActionMask = 2147483647;
			files = (
			);
			runOnlyForDeploymentPostprocessing = 0;
		};
		15C7EA232EEA318B0043A2EA /* Resources */ = {
			isa = PBXResourcesBuildPhase;
			buildActionMask = 2147483647;
			files = (
			);
			runOnlyForDeploymentPostprocessing = 0;
		};
/* End PBXResourcesBuildPhase section */

/* Begin PBXSourcesBuildPhase section */
		15C7EA012EEA31890043A2EA /* Sources */ = {
			isa = PBXSourcesBuildPhase;
			buildActionMask = 2147483647;
			files = (
			);
			runOnlyForDeploymentPostprocessing = 0;
		};
		15C7EA172EEA318B0043A2EA /* Sources */ = {
			isa = PBXSourcesBuildPhase;
			buildActionMask = 2147483647;
			files = (
			);
			runOnlyForDeploymentPostprocessing = 0;
		};
		15C7EA212EEA318B0043A2EA /* Sources */ = {
			isa = PBXSourcesBuildPhase;
			buildActionMask = 2147483647;
			files = (
			);
			runOnlyForDeploymentPostprocessing = 0;
		};
/* End PBXSourcesBuildPhase section */

/* Begin PBXTargetDependency section */
		15C7EA1D2EEA318B0043A2EA /* PBXTargetDependency */ = {
			isa = PBXTargetDependency;
			target = 15C7EA042EEA31890043A2EA /* MB-Desafio */;
			targetProxy = 15C7EA1C2EEA318B0043A2EA /* PBXContainerItemProxy */;
		};
		15C7EA272EEA318B0043A2EA /* PBXTargetDependency */ = {
			isa = PBXTargetDependency;
			target = 15C7EA042EEA31890043A2EA /* MB-Desafio */;
			targetProxy = 15C7EA262EEA318B0043A2EA /* PBXContainerItemProxy */;
		};
/* End PBXTargetDependency section */

/* Begin XCBuildConfiguration section */
		15C7EA2F2EEA318B0043A2EA /* Debug */ = {
			isa = XCBuildConfiguration;
			buildSettings = {
				ASSETCATALOG_COMPILER_APPICON_NAME = AppIcon;
				ASSETCATALOG_COMPILER_GLOBAL_ACCENT_COLOR_NAME = AccentColor;
				CODE_SIGN_STYLE = Automatic;
				CURRENT_PROJECT_VERSION = 1;
				GENERATE_INFOPLIST_FILE = YES;
				INFOPLIST_FILE = "MB-Desafio/Resources/Info.plist";
				INFOPLIST_KEY_UIApplicationSupportsIndirectInputEvents = YES;
				INFOPLIST_KEY_UILaunchStoryboardName = LaunchScreen;
				INFOPLIST_KEY_UIMainStoryboardFile = "";
				INFOPLIST_KEY_UISupportedInterfaceOrientations_iPad = "UIInterfaceOrientationPortrait UIInterfaceOrientationPortraitUpsideDown UIInterfaceOrientationLandscapeLeft UIInterfaceOrientationLandscapeRight";
				INFOPLIST_KEY_UISupportedInterfaceOrientations_iPhone = "UIInterfaceOrientationPortrait UIInterfaceOrientationLandscapeLeft UIInterfaceOrientationLandscapeRight";
				LD_RUNPATH_SEARCH_PATHS = (
					"$(inherited)",
					"@executable_path/Frameworks",
				);
				MARKETING_VERSION = 1.0;
				PRODUCT_BUNDLE_IDENTIFIER = "eaibruno.com.br.MB-Desafio";
				PRODUCT_NAME = "$(TARGET_NAME)";
				STRING_CATALOG_GENERATE_SYMBOLS = YES;
				SWIFT_APPROACHABLE_CONCURRENCY = YES;
				SWIFT_DEFAULT_ACTOR_ISOLATION = MainActor;
				SWIFT_EMIT_LOC_STRINGS = YES;
				SWIFT_UPCOMING_FEATURE_MEMBER_IMPORT_VISIBILITY = YES;
				SWIFT_VERSION = 5.0;
				TARGETED_DEVICE_FAMILY = "1,2";
			};
			name = Debug;
		};
		15C7EA302EEA318B0043A2EA /* Release */ = {
			isa = XCBuildConfiguration;
			buildSettings = {
				ASSETCATALOG_COMPILER_APPICON_NAME = AppIcon;
				ASSETCATALOG_COMPILER_GLOBAL_ACCENT_COLOR_NAME = AccentColor;
				CODE_SIGN_STYLE = Automatic;
				CURRENT_PROJECT_VERSION = 1;
				GENERATE_INFOPLIST_FILE = YES;
				INFOPLIST_FILE = "MB-Desafio/Resources/Info.plist";
				INFOPLIST_KEY_UIApplicationSupportsIndirectInputEvents = YES;
				INFOPLIST_KEY_UILaunchStoryboardName = LaunchScreen;
				INFOPLIST_KEY_UIMainStoryboardFile = "";
				INFOPLIST_KEY_UISupportedInterfaceOrientations_iPad = "UIInterfaceOrientationPortrait UIInterfaceOrientationPortraitUpsideDown UIInterfaceOrientationLandscapeLeft UIInterfaceOrientationLandscapeRight";
				INFOPLIST_KEY_UISupportedInterfaceOrientations_iPhone = "UIInterfaceOrientationPortrait UIInterfaceOrientationLandscapeLeft UIInterfaceOrientationLandscapeRight";
				LD_RUNPATH_SEARCH_PATHS = (
					"$(inherited)",
					"@executable_path/Frameworks",
				);
				MARKETING_VERSION = 1.0;
				PRODUCT_BUNDLE_IDENTIFIER = "eaibruno.com.br.MB-Desafio";
				PRODUCT_NAME = "$(TARGET_NAME)";
				STRING_CATALOG_GENERATE_SYMBOLS = YES;
				SWIFT_APPROACHABLE_CONCURRENCY = YES;
				SWIFT_DEFAULT_ACTOR_ISOLATION = MainActor;
				SWIFT_EMIT_LOC_STRINGS = YES;
				SWIFT_UPCOMING_FEATURE_MEMBER_IMPORT_VISIBILITY = YES;
				SWIFT_VERSION = 5.0;
				TARGETED_DEVICE_FAMILY = "1,2";
			};
			name = Release;
		};
		15C7EA312EEA318B0043A2EA /* Debug */ = {
			isa = XCBuildConfiguration;
			buildSettings = {
				ALWAYS_SEARCH_USER_PATHS = NO;
				ASSETCATALOG_COMPILER_GENERATE_SWIFT_ASSET_SYMBOL_EXTENSIONS = YES;
				CLANG_ANALYZER_NONNULL = YES;
				CLANG_ANALYZER_NUMBER_OBJECT_CONVERSION = YES_AGGRESSIVE;
				CLANG_CXX_LANGUAGE_STANDARD = "gnu++20";
				CLANG_ENABLE_MODULES = YES;
				CLANG_ENABLE_OBJC_ARC = YES;
				CLANG_ENABLE_OBJC_WEAK = YES;
				CLANG_WARN_BLOCK_CAPTURE_AUTORELEASING = YES;
				CLANG_WARN_BOOL_CONVERSION = YES;
				CLANG_WARN_COMMA = YES;
				CLANG_WARN_CONSTANT_CONVERSION = YES;
				CLANG_WARN_DEPRECATED_OBJC_IMPLEMENTATIONS = YES;
				CLANG_WARN_DIRECT_OBJC_ISA_USAGE = YES_ERROR;
				CLANG_WARN_DOCUMENTATION_COMMENTS = YES;
				CLANG_WARN_EMPTY_BODY = YES;
				CLANG_WARN_ENUM_CONVERSION = YES;
				CLANG_WARN_INFINITE_RECURSION = YES;
				CLANG_WARN_INT_CONVERSION = YES;
				CLANG_WARN_NON_LITERAL_NULL_CONVERSION = YES;
				CLANG_WARN_OBJC_IMPLICIT_RETAIN_SELF = YES;
				CLANG_WARN_OBJC_LITERAL_CONVERSION = YES;
				CLANG_WARN_OBJC_ROOT_CLASS = YES_ERROR;
				CLANG_WARN_QUOTED_INCLUDE_IN_FRAMEWORK_HEADER = YES;
				CLANG_WARN_RANGE_LOOP_ANALYSIS = YES;
				CLANG_WARN_STRICT_PROTOTYPES = YES;
				CLANG_WARN_SUSPICIOUS_MOVE = YES;
				CLANG_WARN_UNGUARDED_AVAILABILITY = YES_AGGRESSIVE;
				CLANG_WARN_UNREACHABLE_CODE = YES;
				CLANG_WARN__DUPLICATE_METHOD_MATCH = YES;
				COPY_PHASE_STRIP = NO;
				DEBUG_INFORMATION_FORMAT = dwarf;
				ENABLE_STRICT_OBJC_MSGSEND = YES;
				ENABLE_TESTABILITY = YES;
				ENABLE_USER_SCRIPT_SANDBOXING = YES;
				GCC_C_LANGUAGE_STANDARD = gnu17;
				GCC_DYNAMIC_NO_PIC = NO;
				GCC_NO_COMMON_BLOCKS = YES;
				GCC_OPTIMIZATION_LEVEL = 0;
				GCC_PREPROCESSOR_DEFINITIONS = (
					"DEBUG=1",
					"$(inherited)",
				);
				GCC_WARN_64_TO_32_BIT_CONVERSION = YES;
				GCC_WARN_ABOUT_RETURN_TYPE = YES_ERROR;
				GCC_WARN_UNDECLARED_SELECTOR = YES;
				GCC_WARN_UNINITIALIZED_AUTOS = YES_AGGRESSIVE;
				GCC_WARN_UNUSED_FUNCTION = YES;
				GCC_WARN_UNUSED_VARIABLE = YES;
				IPHONEOS_DEPLOYMENT_TARGET = 26.0;
				LOCALIZATION_PREFERS_STRING_CATALOGS = YES;
				MTL_ENABLE_DEBUG_INFO = INCLUDE_SOURCE;
				MTL_FAST_MATH = YES;
				ONLY_ACTIVE_ARCH = YES;
				SDKROOT = iphoneos;
				SWIFT_ACTIVE_COMPILATION_CONDITIONS = "DEBUG $(inherited)";
				SWIFT_OPTIMIZATION_LEVEL = "-Onone";
			};
			name = Debug;
		};
		15C7EA322EEA318B0043A2EA /* Release */ = {
			isa = XCBuildConfiguration;
			buildSettings = {
				ALWAYS_SEARCH_USER_PATHS = NO;
				ASSETCATALOG_COMPILER_GENERATE_SWIFT_ASSET_SYMBOL_EXTENSIONS = YES;
				CLANG_ANALYZER_NONNULL = YES;
				CLANG_ANALYZER_NUMBER_OBJECT_CONVERSION = YES_AGGRESSIVE;
				CLANG_CXX_LANGUAGE_STANDARD = "gnu++20";
				CLANG_ENABLE_MODULES = YES;
				CLANG_ENABLE_OBJC_ARC = YES;
				CLANG_ENABLE_OBJC_WEAK = YES;
				CLANG_WARN_BLOCK_CAPTURE_AUTORELEASING = YES;
				CLANG_WARN_BOOL_CONVERSION = YES;
				CLANG_WARN_COMMA = YES;
				CLANG_WARN_CONSTANT_CONVERSION = YES;
				CLANG_WARN_DEPRECATED_OBJC_IMPLEMENTATIONS = YES;
				CLANG_WARN_DIRECT_OBJC_ISA_USAGE = YES_ERROR;
				CLANG_WARN_DOCUMENTATION_COMMENTS = YES;
				CLANG_WARN_EMPTY_BODY = YES;
				CLANG_WARN_ENUM_CONVERSION = YES;
				CLANG_WARN_INFINITE_RECURSION = YES;
				CLANG_WARN_INT_CONVERSION = YES;
				CLANG_WARN_NON_LITERAL_NULL_CONVERSION = YES;
				CLANG_WARN_OBJC_IMPLICIT_RETAIN_SELF = YES;
				CLANG_WARN_OBJC_LITERAL_CONVERSION = YES;
				CLANG_WARN_OBJC_ROOT_CLASS = YES_ERROR;
				CLANG_WARN_QUOTED_INCLUDE_IN_FRAMEWORK_HEADER = YES;
				CLANG_WARN_RANGE_LOOP_ANALYSIS = YES;
				CLANG_WARN_STRICT_PROTOTYPES = YES;
				CLANG_WARN_SUSPICIOUS_MOVE = YES;
				CLANG_WARN_UNGUARDED_AVAILABILITY = YES_AGGRESSIVE;
				CLANG_WARN_UNREACHABLE_CODE = YES;
				CLANG_WARN__DUPLICATE_METHOD_MATCH = YES;
				COPY_PHASE_STRIP = NO;
				DEBUG_INFORMATION_FORMAT = "dwarf-with-dsym";
				ENABLE_NS_ASSERTIONS = NO;
				ENABLE_STRICT_OBJC_MSGSEND = YES;
				ENABLE_USER_SCRIPT_SANDBOXING = YES;
				GCC_C_LANGUAGE_STANDARD = gnu17;
				GCC_NO_COMMON_BLOCKS = YES;
				GCC_WARN_64_TO_32_BIT_CONVERSION = YES;
				GCC_WARN_ABOUT_RETURN_TYPE = YES_ERROR;
				GCC_WARN_UNDECLARED_SELECTOR = YES;
				GCC_WARN_UNINITIALIZED_AUTOS = YES_AGGRESSIVE;
				GCC_WARN_UNUSED_FUNCTION = YES;
				GCC_WARN_UNUSED_VARIABLE = YES;
				IPHONEOS_DEPLOYMENT_TARGET = 26.0;
				LOCALIZATION_PREFERS_STRING_CATALOGS = YES;
				MTL_ENABLE_DEBUG_INFO = NO;
				MTL_FAST_MATH = YES;
				SDKROOT = iphoneos;
				SWIFT_COMPILATION_MODE = wholemodule;
				VALIDATE_PRODUCT = YES;
			};
			name = Release;
		};
		15C7EA342EEA318B0043A2EA /* Debug */ = {
			isa = XCBuildConfiguration;
			buildSettings = {
				BUNDLE_LOADER = "$(TEST_HOST)";
				CODE_SIGN_STYLE = Automatic;
				CURRENT_PROJECT_VERSION = 1;
				GENERATE_INFOPLIST_FILE = YES;
				IPHONEOS_DEPLOYMENT_TARGET = 26.0;
				MARKETING_VERSION = 1.0;
				PRODUCT_BUNDLE_IDENTIFIER = "eaibruno.com.br.MB-DesafioTests";
				PRODUCT_NAME = "$(TARGET_NAME)";
				STRING_CATALOG_GENERATE_SYMBOLS = NO;
				SWIFT_APPROACHABLE_CONCURRENCY = YES;
				SWIFT_EMIT_LOC_STRINGS = NO;
				SWIFT_UPCOMING_FEATURE_MEMBER_IMPORT_VISIBILITY = YES;
				SWIFT_VERSION = 5.0;
				TARGETED_DEVICE_FAMILY = "1,2";
				TEST_HOST = "$(BUILT_PRODUCTS_DIR)/MB-Desafio.app/$(BUNDLE_EXECUTABLE_FOLDER_PATH)/MB-Desafio";
			};
			name = Debug;
		};
		15C7EA352EEA318B0043A2EA /* Release */ = {
			isa = XCBuildConfiguration;
			buildSettings = {
				BUNDLE_LOADER = "$(TEST_HOST)";
				CODE_SIGN_STYLE = Automatic;
				CURRENT_PROJECT_VERSION = 1;
				GENERATE_INFOPLIST_FILE = YES;
				IPHONEOS_DEPLOYMENT_TARGET = 26.0;
				MARKETING_VERSION = 1.0;
				PRODUCT_BUNDLE_IDENTIFIER = "eaibruno.com.br.MB-DesafioTests";
				PRODUCT_NAME = "$(TARGET_NAME)";
				STRING_CATALOG_GENERATE_SYMBOLS = NO;
				SWIFT_APPROACHABLE_CONCURRENCY = YES;
				SWIFT_EMIT_LOC_STRINGS = NO;
				SWIFT_UPCOMING_FEATURE_MEMBER_IMPORT_VISIBILITY = YES;
				SWIFT_VERSION = 5.0;
				TARGETED_DEVICE_FAMILY = "1,2";
				TEST_HOST = "$(BUILT_PRODUCTS_DIR)/MB-Desafio.app/$(BUNDLE_EXECUTABLE_FOLDER_PATH)/MB-Desafio";
			};
			name = Release;
		};
		15C7EA372EEA318B0043A2EA /* Debug */ = {
			isa = XCBuildConfiguration;
			buildSettings = {
				CODE_SIGN_STYLE = Automatic;
				CURRENT_PROJECT_VERSION = 1;
				GENERATE_INFOPLIST_FILE = YES;
				MARKETING_VERSION = 1.0;
				PRODUCT_BUNDLE_IDENTIFIER = "eaibruno.com.br.MB-DesafioUITests";
				PRODUCT_NAME = "$(TARGET_NAME)";
				STRING_CATALOG_GENERATE_SYMBOLS = NO;
				SWIFT_APPROACHABLE_CONCURRENCY = YES;
				SWIFT_EMIT_LOC_STRINGS = NO;
				SWIFT_UPCOMING_FEATURE_MEMBER_IMPORT_VISIBILITY = YES;
				SWIFT_VERSION = 5.0;
				TARGETED_DEVICE_FAMILY = "1,2";
				TEST_TARGET_NAME = "MB-Desafio";
			};
			name = Debug;
		};
		15C7EA382EEA318B0043A2EA /* Release */ = {
			isa = XCBuildConfiguration;
			buildSettings = {
				CODE_SIGN_STYLE = Automatic;
				CURRENT_PROJECT_VERSION = 1;
				GENERATE_INFOPLIST_FILE = YES;
				MARKETING_VERSION = 1.0;
				PRODUCT_BUNDLE_IDENTIFIER = "eaibruno.com.br.MB-DesafioUITests";
				PRODUCT_NAME = "$(TARGET_NAME)";
				STRING_CATALOG_GENERATE_SYMBOLS = NO;
				SWIFT_APPROACHABLE_CONCURRENCY = YES;
				SWIFT_EMIT_LOC_STRINGS = NO;
				SWIFT_UPCOMING_FEATURE_MEMBER_IMPORT_VISIBILITY = YES;
				SWIFT_VERSION = 5.0;
				TARGETED_DEVICE_FAMILY = "1,2";
				TEST_TARGET_NAME = "MB-Desafio";
			};
			name = Release;
		};
/* End XCBuildConfiguration section */

/* Begin XCConfigurationList section */
		15C7EA002EEA31890043A2EA /* Build configuration list for PBXProject "MB-Desafio" */ = {
			isa = XCConfigurationList;
			buildConfigurations = (
				15C7EA312EEA318B0043A2EA /* Debug */,
				15C7EA322EEA318B0043A2EA /* Release */,
			);
			defaultConfigurationIsVisible = 0;
			defaultConfigurationName = Release;
		};
		15C7EA2E2EEA318B0043A2EA /* Build configuration list for PBXNativeTarget "MB-Desafio" */ = {
			isa = XCConfigurationList;
			buildConfigurations = (
				15C7EA2F2EEA318B0043A2EA /* Debug */,
				15C7EA302EEA318B0043A2EA /* Release */,
			);
			defaultConfigurationIsVisible = 0;
			defaultConfigurationName = Release;
		};
		15C7EA332EEA318B0043A2EA /* Build configuration list for PBXNativeTarget "MB-DesafioTests" */ = {
			isa = XCConfigurationList;
			buildConfigurations = (
				15C7EA342EEA318B0043A2EA /* Debug */,
				15C7EA352EEA318B0043A2EA /* Release */,
			);
			defaultConfigurationIsVisible = 0;
			defaultConfigurationName = Release;
		};
		15C7EA362EEA318B0043A2EA /* Build configuration list for PBXNativeTarget "MB-DesafioUITests" */ = {
			isa = XCConfigurationList;
			buildConfigurations = (
				15C7EA372EEA318B0043A2EA /* Debug */,
				15C7EA382EEA318B0043A2EA /* Release */,
			);
			defaultConfigurationIsVisible = 0;
			defaultConfigurationName = Release;
		};
/* End XCConfigurationList section */
	};
	rootObject = 15C7E9FD2EEA31890043A2EA /* Project object */;
}
